
Microsoft Visual Studio Solution File, Format Version 12.00
# Visual Studio Version 16
VisualStudioVersion = 16.0.33927.289
MinimumVisualStudioVersion = 10.0.40219.1
Project("{2150E333-8FDC-42A3-9474-1A3956D46DE8}") = "Task0", "Task0", "{4CFD1EF9-5988-43BA-AB6C-7A0BCB614A69}"
EndProject
Project("{FAE04EC0-301F-11D3-BF4B-00C04F79EFBC}") = "Tyuiu.IbrayevAA.Sprint3.Task0.V15", "Tyuiu.IbrayevAA.Sprint3.Task0.V15\Tyuiu.IbrayevAA.Sprint3.Task0.V15.csproj", "{DD0DC994-8B53-40A2-950F-961FF329C9CC}"
EndProject
Project("{FAE04EC0-301F-11D3-BF4B-00C04F79EFBC}") = "Tyuiu.IbrayevAA.Sprint3.Task0.V15.Lib", "Tyuiu.IbrayevAA.Sprint3.Task0.V15.Lib\Tyuiu.IbrayevAA.Sprint3.Task0.V15.Lib.csproj", "{B3996D22-F5E8-47E2-B014-10061DED92DD}"
EndProject
Project("{FAE04EC0-301F-11D3-BF4B-00C04F79EFBC}") = "Tyuiu.IbrayevAA.Sprint3.Task0.V15.Test", "Tyuiu.IbrayevAA.Sprint3.Task0.V15.Test\Tyuiu.IbrayevAA.Sprint3.Task0.V15.Test.csproj", "{D03F5286-3276-4C15-A676-FADD0B98E153}"
EndProject
Project("{2150E333-8FDC-42A3-9474-1A3956D46DE8}") = "Task1", "Task1", "{82711290-2C9E-4306-85CE-8D6783E94218}"
EndProject
Project("{FAE04EC0-301F-11D3-BF4B-00C04F79EFBC}") = "Tyuiu.IbrayevAA.Sprint3.Task1.V24", "Tyuiu.IbrayevAA.Sprint3.Task1.V24\Tyuiu.IbrayevAA.Sprint3.Task1.V24.csproj", "{8143E3BA-D8E9-407D-895D-11A385E349AB}"
EndProject
Project("{FAE04EC0-301F-11D3-BF4B-00C04F79EFBC}") = "Tyuiu.IbrayevAA.Sprint3.Task1.V24.Lib", "Tyuiu.IbrayevAA.Sprint3.Task1.V24.Lib\Tyuiu.IbrayevAA.Sprint3.Task1.V24.Lib.csproj", "{6B658DCF-1D0C-481C-A44D-85CB1CAEFC80}"
EndProject
Project("{FAE04EC0-301F-11D3-BF4B-00C04F79EFBC}") = "Tyuiu.IbrayevAA.Sprint3.Task1.V24.Test", "Tyuiu.IbrayevAA.Sprint3.Task1.V24.Test\Tyuiu.IbrayevAA.Sprint3.Task1.V24.Test.csproj", "{59B55F11-8086-494A-9476-AE742ABA5EFF}"
EndProject
Project("{2150E333-8FDC-42A3-9474-1A3956D46DE8}") = "Task2", "Task2", "{6A467DCD-8313-49E0-A53C-BFEBF9D88823}"
EndProject
Project("{FAE04EC0-301F-11D3-BF4B-00C04F79EFBC}") = "Tyuiu.IbrayevAA.Sprint3.Task2.V29", "Tyuiu.IbrayevAA.Sprint3.Task2.V29\Tyuiu.IbrayevAA.Sprint3.Task2.V29.csproj", "{A455A606-B7EF-49EE-8D52-9310F6CEC8C3}"
EndProject
Project("{FAE04EC0-301F-11D3-BF4B-00C04F79EFBC}") = "Tyuiu.IbrayevAA.Sprint3.Task2.V29.Lib", "Tyuiu.IbrayevAA.Sprint3.Task2.V29.Lib\Tyuiu.IbrayevAA.Sprint3.Task2.V29.Lib.csproj", "{D601A230-6E5E-42A8-83A1-6674E4C70721}"
EndProject
Project("{FAE04EC0-301F-11D3-BF4B-00C04F79EFBC}") = "Tyuiu.IbrayevAA.Sprint3.Task2.V29.Test", "Tyuiu.IbrayevAA.Sprint3.Task2.V29.Test\Tyuiu.IbrayevAA.Sprint3.Task2.V29.Test.csproj", "{28DAF8D8-4843-4BF3-9F8F-B5D60FF8C1A2}"
EndProject
Project("{2150E333-8FDC-42A3-9474-1A3956D46DE8}") = "Task3", "Task3", "{20221F65-DF17-43F2-B2E5-616E0B7044FA}"
EndProject
Project("{FAE04EC0-301F-11D3-BF4B-00C04F79EFBC}") = "Tyuiu.IbrayevAA.Sprint3.Task3.V1", "Tyuiu.IbrayevAA.Sprint3.Task3.V1\Tyuiu.IbrayevAA.Sprint3.Task3.V1.csproj", "{B7CA4EBA-4E3F-48CC-9E6A-DAE3746CBE52}"
EndProject
Project("{FAE04EC0-301F-11D3-BF4B-00C04F79EFBC}") = "Tyuiu.IbrayevAA.Sprint3.Task3.V1.Lib", "Tyuiu.IbrayevAA.Sprint3.Task3.V1.Lib\Tyuiu.IbrayevAA.Sprint3.Task3.V1.Lib.csproj", "{F91C2B45-85D2-4F4A-808E-51DC6565D1EE}"
EndProject
Project("{FAE04EC0-301F-11D3-BF4B-00C04F79EFBC}") = "Tyuiu.IbrayevAA.Sprint3.Task3.V1.Test", "Tyuiu.IbrayevAA.Sprint3.Task3.V1.Test\Tyuiu.IbrayevAA.Sprint3.Task3.V1.Test.csproj", "{556BC22C-C8A9-44D5-BD90-8EE908BDD7FD}"
EndProject
Project("{2150E333-8FDC-42A3-9474-1A3956D46DE8}") = "Task4", "Task4", "{52A7F18C-6410-48AF-8FB8-01B161A7F34A}"
EndProject
Project("{FAE04EC0-301F-11D3-BF4B-00C04F79EFBC}") = "Tyuiu.IbrayevAA.Sprint3.Task4.V4.Lib", "Tyuiu.IbrayevAA.Sprint3.Task4.V4.Lib\Tyuiu.IbrayevAA.Sprint3.Task4.V4.Lib.csproj", "{0A9056A1-6D1A-4E1C-8290-E7A156FEB7C7}"
EndProject
Project("{FAE04EC0-301F-11D3-BF4B-00C04F79EFBC}") = "Tyuiu.IbrayevAA.Sprint3.Task4.V4", "Tyuiu.IbrayevAA.Sprint3.Task4.V4\Tyuiu.IbrayevAA.Sprint3.Task4.V4.csproj", "{FF24402C-170D-41D3-B40C-B0197679D119}"
EndProject
Project("{FAE04EC0-301F-11D3-BF4B-00C04F79EFBC}") = "Tyuiu.IbrayevAA.Sprint3.Task4.V4.Test", "Tyuiu.IbrayevAA.Sprint3.Task4.V4.Test\Tyuiu.IbrayevAA.Sprint3.Task4.V4.Test.csproj", "{30F2E1E2-FB98-4A1A-9D61-7897DF5920EA}"
EndProject
Global
	GlobalSection(SolutionConfigurationPlatforms) = preSolution
		Debug|Any CPU = Debug|Any CPU
		Release|Any CPU = Release|Any CPU
	EndGlobalSection
	GlobalSection(ProjectConfigurationPlatforms) = postSolution
		{DD0DC994-8B53-40A2-950F-961FF329C9CC}.Debug|Any CPU.ActiveCfg = Debug|Any CPU
		{DD0DC994-8B53-40A2-950F-961FF329C9CC}.Debug|Any CPU.Build.0 = Debug|Any CPU
		{DD0DC994-8B53-40A2-950F-961FF329C9CC}.Release|Any CPU.ActiveCfg = Release|Any CPU
		{DD0DC994-8B53-40A2-950F-961FF329C9CC}.Release|Any CPU.Build.0 = Release|Any CPU
		{B3996D22-F5E8-47E2-B014-10061DED92DD}.Debug|Any CPU.ActiveCfg = Debug|Any CPU
		{B3996D22-F5E8-47E2-B014-10061DED92DD}.Debug|Any CPU.Build.0 = Debug|Any CPU
		{B3996D22-F5E8-47E2-B014-10061DED92DD}.Release|Any CPU.ActiveCfg = Release|Any CPU
		{B3996D22-F5E8-47E2-B014-10061DED92DD}.Release|Any CPU.Build.0 = Release|Any CPU
		{D03F5286-3276-4C15-A676-FADD0B98E153}.Debug|Any CPU.ActiveCfg = Debug|Any CPU
		{D03F5286-3276-4C15-A676-FADD0B98E153}.Debug|Any CPU.Build.0 = Debug|Any CPU
		{D03F5286-3276-4C15-A676-FADD0B98E153}.Release|Any CPU.ActiveCfg = Release|Any CPU
		{D03F5286-3276-4C15-A676-FADD0B98E153}.Release|Any CPU.Build.0 = Release|Any CPU
		{8143E3BA-D8E9-407D-895D-11A385E349AB}.Debug|Any CPU.ActiveCfg = Debug|Any CPU
		{8143E3BA-D8E9-407D-895D-11A385E349AB}.Debug|Any CPU.Build.0 = Debug|Any CPU
		{8143E3BA-D8E9-407D-895D-11A385E349AB}.Release|Any CPU.ActiveCfg = Release|Any CPU
		{8143E3BA-D8E9-407D-895D-11A385E349AB}.Release|Any CPU.Build.0 = Release|Any CPU
		{6B658DCF-1D0C-481C-A44D-85CB1CAEFC80}.Debug|Any CPU.ActiveCfg = Debug|Any CPU
		{6B658DCF-1D0C-481C-A44D-85CB1CAEFC80}.Debug|Any CPU.Build.0 = Debug|Any CPU
		{6B658DCF-1D0C-481C-A44D-85CB1CAEFC80}.Release|Any CPU.ActiveCfg = Release|Any CPU
		{6B658DCF-1D0C-481C-A44D-85CB1CAEFC80}.Release|Any CPU.Build.0 = Release|Any CPU
		{59B55F11-8086-494A-9476-AE742ABA5EFF}.Debug|Any CPU.ActiveCfg = Debug|Any CPU
		{59B55F11-8086-494A-9476-AE742ABA5EFF}.Debug|Any CPU.Build.0 = Debug|Any CPU
		{59B55F11-8086-494A-9476-AE742ABA5EFF}.Release|Any CPU.ActiveCfg = Release|Any CPU
		{59B55F11-8086-494A-9476-AE742ABA5EFF}.Release|Any CPU.Build.0 = Release|Any CPU
		{A455A606-B7EF-49EE-8D52-9310F6CEC8C3}.Debug|Any CPU.ActiveCfg = Debug|Any CPU
		{A455A606-B7EF-49EE-8D52-9310F6CEC8C3}.Debug|Any CPU.Build.0 = Debug|Any CPU
		{A455A606-B7EF-49EE-8D52-9310F6CEC8C3}.Release|Any CPU.ActiveCfg = Release|Any CPU
		{A455A606-B7EF-49EE-8D52-9310F6CEC8C3}.Release|Any CPU.Build.0 = Release|Any CPU
		{D601A230-6E5E-42A8-83A1-6674E4C70721}.Debug|Any CPU.ActiveCfg = Debug|Any CPU
		{D601A230-6E5E-42A8-83A1-6674E4C70721}.Debug|Any CPU.Build.0 = Debug|Any CPU
		{D601A230-6E5E-42A8-83A1-6674E4C70721}.Release|Any CPU.ActiveCfg = Release|Any CPU
		{D601A230-6E5E-42A8-83A1-6674E4C70721}.Release|Any CPU.Build.0 = Release|Any CPU
		{28DAF8D8-4843-4BF3-9F8F-B5D60FF8C1A2}.Debug|Any CPU.ActiveCfg = Debug|Any CPU
		{28DAF8D8-4843-4BF3-9F8F-B5D60FF8C1A2}.Debug|Any CPU.Build.0 = Debug|Any CPU
		{28DAF8D8-4843-4BF3-9F8F-B5D60FF8C1A2}.Release|Any CPU.ActiveCfg = Release|Any CPU
		{28DAF8D8-4843-4BF3-9F8F-B5D60FF8C1A2}.Release|Any CPU.Build.0 = Release|Any CPU
		{B7CA4EBA-4E3F-48CC-9E6A-DAE3746CBE52}.Debug|Any CPU.ActiveCfg = Debug|Any CPU
		{B7CA4EBA-4E3F-48CC-9E6A-DAE3746CBE52}.Debug|Any CPU.Build.0 = Debug|Any CPU
		{B7CA4EBA-4E3F-48CC-9E6A-DAE3746CBE52}.Release|Any CPU.ActiveCfg = Release|Any CPU
		{B7CA4EBA-4E3F-48CC-9E6A-DAE3746CBE52}.Release|Any CPU.Build.0 = Release|Any CPU
		{F91C2B45-85D2-4F4A-808E-51DC6565D1EE}.Debug|Any CPU.ActiveCfg = Debug|Any CPU
		{F91C2B45-85D2-4F4A-808E-51DC6565D1EE}.Debug|Any CPU.Build.0 = Debug|Any CPU
		{F91C2B45-85D2-4F4A-808E-51DC6565D1EE}.Release|Any CPU.ActiveCfg = Release|Any CPU
		{F91C2B45-85D2-4F4A-808E-51DC6565D1EE}.Release|Any CPU.Build.0 = Release|Any CPU
		{556BC22C-C8A9-44D5-BD90-8EE908BDD7FD}.Debug|Any CPU.ActiveCfg = Debug|Any CPU
		{556BC22C-C8A9-44D5-BD90-8EE908BDD7FD}.Debug|Any CPU.Build.0 = Debug|Any CPU
		{556BC22C-C8A9-44D5-BD90-8EE908BDD7FD}.Release|Any CPU.ActiveCfg = Release|Any CPU
		{556BC22C-C8A9-44D5-BD90-8EE908BDD7FD}.Release|Any CPU.Build.0 = Release|Any CPU
		{0A9056A1-6D1A-4E1C-8290-E7A156FEB7C7}.Debug|Any CPU.ActiveCfg = Debug|Any CPU
		{0A9056A1-6D1A-4E1C-8290-E7A156FEB7C7}.Debug|Any CPU.Build.0 = Debug|Any CPU
		{0A9056A1-6D1A-4E1C-8290-E7A156FEB7C7}.Release|Any CPU.ActiveCfg = Release|Any CPU
		{0A9056A1-6D1A-4E1C-8290-E7A156FEB7C7}.Release|Any CPU.Build.0 = Release|Any CPU
		{FF24402C-170D-41D3-B40C-B0197679D119}.Debug|Any CPU.ActiveCfg = Debug|Any CPU
		{FF24402C-170D-41D3-B40C-B0197679D119}.Debug|Any CPU.Build.0 = Debug|Any CPU
		{FF24402C-170D-41D3-B40C-B0197679D119}.Release|Any CPU.ActiveCfg = Release|Any CPU
		{FF24402C-170D-41D3-B40C-B0197679D119}.Release|Any CPU.Build.0 = Release|Any CPU
		{30F2E1E2-FB98-4A1A-9D61-7897DF5920EA}.Debug|Any CPU.ActiveCfg = Debug|Any CPU
		{30F2E1E2-FB98-4A1A-9D61-7897DF5920EA}.Debug|Any CPU.Build.0 = Debug|Any CPU
		{30F2E1E2-FB98-4A1A-9D61-7897DF5920EA}.Release|Any CPU.ActiveCfg = Release|Any CPU
		{30F2E1E2-FB98-4A1A-9D61-7897DF5920EA}.Release|Any CPU.Build.0 = Release|Any CPU
	EndGlobalSection
	GlobalSection(SolutionProperties) = preSolution
		HideSolutionNode = FALSE
	EndGlobalSection
	GlobalSection(NestedProjects) = preSolution
		{DD0DC994-8B53-40A2-950F-961FF329C9CC} = {4CFD1EF9-5988-43BA-AB6C-7A0BCB614A69}
		{B3996D22-F5E8-47E2-B014-10061DED92DD} = {4CFD1EF9-5988-43BA-AB6C-7A0BCB614A69}
		{D03F5286-3276-4C15-A676-FADD0B98E153} = {4CFD1EF9-5988-43BA-AB6C-7A0BCB614A69}
		{8143E3BA-D8E9-407D-895D-11A385E349AB} = {82711290-2C9E-4306-85CE-8D6783E94218}
		{6B658DCF-1D0C-481C-A44D-85CB1CAEFC80} = {82711290-2C9E-4306-85CE-8D6783E94218}
		{59B55F11-8086-494A-9476-AE742ABA5EFF} = {82711290-2C9E-4306-85CE-8D6783E94218}
		{A455A606-B7EF-49EE-8D52-9310F6CEC8C3} = {6A467DCD-8313-49E0-A53C-BFEBF9D88823}
		{D601A230-6E5E-42A8-83A1-6674E4C70721} = {6A467DCD-8313-49E0-A53C-BFEBF9D88823}
		{28DAF8D8-4843-4BF3-9F8F-B5D60FF8C1A2} = {6A467DCD-8313-49E0-A53C-BFEBF9D88823}
		{B7CA4EBA-4E3F-48CC-9E6A-DAE3746CBE52} = {20221F65-DF17-43F2-B2E5-616E0B7044FA}
		{F91C2B45-85D2-4F4A-808E-51DC6565D1EE} = {20221F65-DF17-43F2-B2E5-616E0B7044FA}
		{556BC22C-C8A9-44D5-BD90-8EE908BDD7FD} = {20221F65-DF17-43F2-B2E5-616E0B7044FA}
		{0A9056A1-6D1A-4E1C-8290-E7A156FEB7C7} = {52A7F18C-6410-48AF-8FB8-01B161A7F34A}
		{FF24402C-170D-41D3-B40C-B0197679D119} = {52A7F18C-6410-48AF-8FB8-01B161A7F34A}
		{30F2E1E2-FB98-4A1A-9D61-7897DF5920EA} = {52A7F18C-6410-48AF-8FB8-01B161A7F34A}
	EndGlobalSection
	GlobalSection(ExtensibilityGlobals) = postSolution
		SolutionGuid = {0D7C276E-22CD-4429-8CE0-73CA28DEF367}
	EndGlobalSection
EndGlobal
